
Microsoft Visual Studio Solution File, Format Version 12.00
# Visual Studio 15
VisualStudioVersion = 15.0.26730.8
MinimumVisualStudioVersion = 10.0.40219.1
Project("{FAE04EC0-301F-11D3-BF4B-00C04F79EFBC}") = "Concealment", "Concealment/Concealment.csproj", "{E5C0184B-7DC4-43D8-872E-2F71162748AA}"
EndProject
Global
	GlobalSection(SolutionConfigurationPlatforms) = preSolution
		Debug|x64 = Debug|x64
		Release|x64 = Release|x64
	EndGlobalSection
	GlobalSection(ProjectConfigurationPlatforms) = postSolution
		{E5C0184B-7DC4-43D8-872E-2F71162748AA}.Debug|x64.ActiveCfg = Debug|x64
		{E5C0184B-7DC4-43D8-872E-2F71162748AA}.Debug|x64.Build.0 = Debug|x64
		{E5C0184B-7DC4-43D8-872E-2F71162748AA}.Release|x64.ActiveCfg = Release|x64
		{E5C0184B-7DC4-43D8-872E-2F71162748AA}.Release|x64.Build.0 = Release|x64
	EndGlobalSection
	GlobalSection(SolutionProperties) = preSolution
		HideSolutionNode = FALSE
	EndGlobalSection
	GlobalSection(ExtensibilityGlobals) = postSolution
		SolutionGuid = {E12ECB82-E5CA-4599-B2D4-FE455DC8ED54}
	EndGlobalSection
EndGlobal
